// !$*UTF8*$!
{
	archiveVersion = 1;
	classes = {
	};
	objectVersion = 51;
	objects = {

/* Begin PBXBuildFile section */
		2AF2C3B7BE93F04C9D2237B2 /* Pods_SwivelGroupTestProjectTests.framework in Frameworks */ = {isa = PBXBuildFile; fileRef = D30A37656B3F39EAB8B3CECF /* Pods_SwivelGroupTestProjectTests.framework */; };
		840FC5CC23A5E2050043784D /* AppDelegate.swift in Sources */ = {isa = PBXBuildFile; fileRef = 840FC5CB23A5E2050043784D /* AppDelegate.swift */; };
		840FC5CE23A5E2050043784D /* SceneDelegate.swift in Sources */ = {isa = PBXBuildFile; fileRef = 840FC5CD23A5E2050043784D /* SceneDelegate.swift */; };
		840FC5D023A5E2050043784D /* ViewController.swift in Sources */ = {isa = PBXBuildFile; fileRef = 840FC5CF23A5E2050043784D /* ViewController.swift */; };
		840FC5D323A5E2050043784D /* Main.storyboard in Resources */ = {isa = PBXBuildFile; fileRef = 840FC5D123A5E2050043784D /* Main.storyboard */; };
		840FC5D523A5E2070043784D /* Assets.xcassets in Resources */ = {isa = PBXBuildFile; fileRef = 840FC5D423A5E2070043784D /* Assets.xcassets */; };
		840FC5D823A5E2070043784D /* LaunchScreen.storyboard in Resources */ = {isa = PBXBuildFile; fileRef = 840FC5D623A5E2070043784D /* LaunchScreen.storyboard */; };
		840FC5E323A5E2070043784D /* SwivelGroupTestProjectTests.swift in Sources */ = {isa = PBXBuildFile; fileRef = 840FC5E223A5E2070043784D /* SwivelGroupTestProjectTests.swift */; };
		840FC5F923A5FF1D0043784D /* ConstantManager.swift in Sources */ = {isa = PBXBuildFile; fileRef = 840FC5F823A5FF1D0043784D /* ConstantManager.swift */; };
		840FC5FD23A6044F0043784D /* News.swift in Sources */ = {isa = PBXBuildFile; fileRef = 840FC5FC23A6044F0043784D /* News.swift */; };
		840FC5FF23A60A890043784D /* APIConfigurationManager.swift in Sources */ = {isa = PBXBuildFile; fileRef = 840FC5FE23A60A890043784D /* APIConfigurationManager.swift */; };
		840FC60123A60AB60043784D /* APIService.swift in Sources */ = {isa = PBXBuildFile; fileRef = 840FC60023A60AB60043784D /* APIService.swift */; };
		840FC60323A615680043784D /* NewsServiceClient.swift in Sources */ = {isa = PBXBuildFile; fileRef = 840FC60223A615680043784D /* NewsServiceClient.swift */; };
		840FC60523A65DAC0043784D /* Article.swift in Sources */ = {isa = PBXBuildFile; fileRef = 840FC60423A65DAC0043784D /* Article.swift */; };
		840FC60723A66C8D0043784D /* NewsListViewController.swift in Sources */ = {isa = PBXBuildFile; fileRef = 840FC60623A66C8D0043784D /* NewsListViewController.swift */; };
		840FC60923A6710E0043784D /* NewsListTableViewCell.swift in Sources */ = {isa = PBXBuildFile; fileRef = 840FC60823A6710E0043784D /* NewsListTableViewCell.swift */; };
		8445C4D423A7D7D500CD6EF9 /* UIImageExtention.swift in Sources */ = {isa = PBXBuildFile; fileRef = 8445C4D323A7D7D500CD6EF9 /* UIImageExtention.swift */; };
		8445C4D623A7D90E00CD6EF9 /* NewsDetailViewController.swift in Sources */ = {isa = PBXBuildFile; fileRef = 8445C4D523A7D90E00CD6EF9 /* NewsDetailViewController.swift */; };
		8445C4D823A7F10600CD6EF9 /* TabViewController.swift in Sources */ = {isa = PBXBuildFile; fileRef = 8445C4D723A7F10600CD6EF9 /* TabViewController.swift */; };
		8445C4DA23A7F23800CD6EF9 /* ShowHeadLineViewController.swift in Sources */ = {isa = PBXBuildFile; fileRef = 8445C4D923A7F23800CD6EF9 /* ShowHeadLineViewController.swift */; };
		8445C4DC23A7F50B00CD6EF9 /* HeadLineListTableViewCell.swift in Sources */ = {isa = PBXBuildFile; fileRef = 8445C4DB23A7F50B00CD6EF9 /* HeadLineListTableViewCell.swift */; };
		8445C4DE23A7FC9D00CD6EF9 /* CustomeHeadLineViewController.swift in Sources */ = {isa = PBXBuildFile; fileRef = 8445C4DD23A7FC9D00CD6EF9 /* CustomeHeadLineViewController.swift */; };
		8445C4E023A7FF5700CD6EF9 /* DateUtil.swift in Sources */ = {isa = PBXBuildFile; fileRef = 8445C4DF23A7FF5700CD6EF9 /* DateUtil.swift */; };
		8445C4E223A8004500CD6EF9 /* NewsManager.swift in Sources */ = {isa = PBXBuildFile; fileRef = 8445C4E123A8004500CD6EF9 /* NewsManager.swift */; };
		8445C4E523A80DA200CD6EF9 /* UserDAO.swift in Sources */ = {isa = PBXBuildFile; fileRef = 8445C4E423A80DA200CD6EF9 /* UserDAO.swift */; };
		8445C4E723A80EF300CD6EF9 /* ProfileViewController.swift in Sources */ = {isa = PBXBuildFile; fileRef = 8445C4E623A80EF300CD6EF9 /* ProfileViewController.swift */; };
		8445C4E923A8123300CD6EF9 /* WelcomeViewController.swift in Sources */ = {isa = PBXBuildFile; fileRef = 8445C4E823A8123300CD6EF9 /* WelcomeViewController.swift */; };
		847D1B9D23B4E560004F297F /* NewsListViewModel.swift in Sources */ = {isa = PBXBuildFile; fileRef = 847D1B9C23B4E560004F297F /* NewsListViewModel.swift */; };
		847D1B9F23B5D75D004F297F /* NewsHeadLinesListViewModel.swift in Sources */ = {isa = PBXBuildFile; fileRef = 847D1B9E23B5D75D004F297F /* NewsHeadLinesListViewModel.swift */; };
		847D1BA123B5DE15004F297F /* CustomeHeaderTableViewCell.swift in Sources */ = {isa = PBXBuildFile; fileRef = 847D1BA023B5DE15004F297F /* CustomeHeaderTableViewCell.swift */; };
		847D1BA323B5DF09004F297F /* CustomeNewsViewModel.swift in Sources */ = {isa = PBXBuildFile; fileRef = 847D1BA223B5DF09004F297F /* CustomeNewsViewModel.swift */; };
		8495954323A96DD3006B6BCC /* ViewControllerExtention.swift in Sources */ = {isa = PBXBuildFile; fileRef = 8495954223A96DD2006B6BCC /* ViewControllerExtention.swift */; };
		9C8C136422B7D311E31657FB /* Pods_SwivelGroupTestProject.framework in Frameworks */ = {isa = PBXBuildFile; fileRef = 2E5626CFE81A3BB03F6D99F1 /* Pods_SwivelGroupTestProject.framework */; };
/* End PBXBuildFile section */

/* Begin PBXContainerItemProxy section */
		840FC5DF23A5E2070043784D /* PBXContainerItemProxy */ = {
			isa = PBXContainerItemProxy;
			containerPortal = 840FC5C023A5E2050043784D /* Project object */;
			proxyType = 1;
			remoteGlobalIDString = 840FC5C723A5E2050043784D;
			remoteInfo = SwivelGroupTestProject;
		};
/* End PBXContainerItemProxy section */

/* Begin PBXFileReference section */
		2E5626CFE81A3BB03F6D99F1 /* Pods_SwivelGroupTestProject.framework */ = {isa = PBXFileReference; explicitFileType = wrapper.framework; includeInIndex = 0; path = Pods_SwivelGroupTestProject.framework; sourceTree = BUILT_PRODUCTS_DIR; };
		42C7DFA8EBC777448E89F7DB /* Pods-SwivelGroupTestProjectTests.release.xcconfig */ = {isa = PBXFileReference; includeInIndex = 1; lastKnownFileType = text.xcconfig; name = "Pods-SwivelGroupTestProjectTests.release.xcconfig"; path = "Target Support Files/Pods-SwivelGroupTestProjectTests/Pods-SwivelGroupTestProjectTests.release.xcconfig"; sourceTree = "<group>"; };
		840FC5C823A5E2050043784D /* SwivelGroupTestProject.app */ = {isa = PBXFileReference; explicitFileType = wrapper.application; includeInIndex = 0; path = SwivelGroupTestProject.app; sourceTree = BUILT_PRODUCTS_DIR; };
		840FC5CB23A5E2050043784D /* AppDelegate.swift */ = {isa = PBXFileReference; lastKnownFileType = sourcecode.swift; path = AppDelegate.swift; sourceTree = "<group>"; };
		840FC5CD23A5E2050043784D /* SceneDelegate.swift */ = {isa = PBXFileReference; lastKnownFileType = sourcecode.swift; path = SceneDelegate.swift; sourceTree = "<group>"; };
		840FC5CF23A5E2050043784D /* ViewController.swift */ = {isa = PBXFileReference; lastKnownFileType = sourcecode.swift; path = ViewController.swift; sourceTree = "<group>"; };
		840FC5D223A5E2050043784D /* Base */ = {isa = PBXFileReference; lastKnownFileType = file.storyboard; name = Base; path = Base.lproj/Main.storyboard; sourceTree = "<group>"; };
		840FC5D423A5E2070043784D /* Assets.xcassets */ = {isa = PBXFileReference; lastKnownFileType = folder.assetcatalog; path = Assets.xcassets; sourceTree = "<group>"; };
		840FC5D723A5E2070043784D /* Base */ = {isa = PBXFileReference; lastKnownFileType = file.storyboard; name = Base; path = Base.lproj/LaunchScreen.storyboard; sourceTree = "<group>"; };
		840FC5D923A5E2070043784D /* Info.plist */ = {isa = PBXFileReference; lastKnownFileType = text.plist.xml; path = Info.plist; sourceTree = "<group>"; };
		840FC5DE23A5E2070043784D /* SwivelGroupTestProjectTests.xctest */ = {isa = PBXFileReference; explicitFileType = wrapper.cfbundle; includeInIndex = 0; path = SwivelGroupTestProjectTests.xctest; sourceTree = BUILT_PRODUCTS_DIR; };
		840FC5E223A5E2070043784D /* SwivelGroupTestProjectTests.swift */ = {isa = PBXFileReference; lastKnownFileType = sourcecode.swift; path = SwivelGroupTestProjectTests.swift; sourceTree = "<group>"; };
		840FC5E423A5E2070043784D /* Info.plist */ = {isa = PBXFileReference; lastKnownFileType = text.plist.xml; path = Info.plist; sourceTree = "<group>"; };
		840FC5F523A5FE070043784D /* Development.xcconfig */ = {isa = PBXFileReference; lastKnownFileType = text.xcconfig; path = Development.xcconfig; sourceTree = "<group>"; };
		840FC5F623A5FE160043784D /* Release.xcconfig */ = {isa = PBXFileReference; lastKnownFileType = text.xcconfig; path = Release.xcconfig; sourceTree = "<group>"; };
		840FC5F723A5FE230043784D /* Debug.xcconfig */ = {isa = PBXFileReference; lastKnownFileType = text.xcconfig; path = Debug.xcconfig; sourceTree = "<group>"; };
		840FC5F823A5FF1D0043784D /* ConstantManager.swift */ = {isa = PBXFileReference; lastKnownFileType = sourcecode.swift; path = ConstantManager.swift; sourceTree = "<group>"; };
		840FC5FC23A6044F0043784D /* News.swift */ = {isa = PBXFileReference; lastKnownFileType = sourcecode.swift; path = News.swift; sourceTree = "<group>"; };
		840FC5FE23A60A890043784D /* APIConfigurationManager.swift */ = {isa = PBXFileReference; lastKnownFileType = sourcecode.swift; path = APIConfigurationManager.swift; sourceTree = "<group>"; };
		840FC60023A60AB60043784D /* APIService.swift */ = {isa = PBXFileReference; lastKnownFileType = sourcecode.swift; path = APIService.swift; sourceTree = "<group>"; };
		840FC60223A615680043784D /* NewsServiceClient.swift */ = {isa = PBXFileReference; lastKnownFileType = sourcecode.swift; path = NewsServiceClient.swift; sourceTree = "<group>"; };
		840FC60423A65DAC0043784D /* Article.swift */ = {isa = PBXFileReference; lastKnownFileType = sourcecode.swift; path = Article.swift; sourceTree = "<group>"; };
		840FC60623A66C8D0043784D /* NewsListViewController.swift */ = {isa = PBXFileReference; lastKnownFileType = sourcecode.swift; path = NewsListViewController.swift; sourceTree = "<group>"; };
		840FC60823A6710E0043784D /* NewsListTableViewCell.swift */ = {isa = PBXFileReference; lastKnownFileType = sourcecode.swift; path = NewsListTableViewCell.swift; sourceTree = "<group>"; };
		8445C4D323A7D7D500CD6EF9 /* UIImageExtention.swift */ = {isa = PBXFileReference; lastKnownFileType = sourcecode.swift; path = UIImageExtention.swift; sourceTree = "<group>"; };
		8445C4D523A7D90E00CD6EF9 /* NewsDetailViewController.swift */ = {isa = PBXFileReference; lastKnownFileType = sourcecode.swift; path = NewsDetailViewController.swift; sourceTree = "<group>"; };
		8445C4D723A7F10600CD6EF9 /* TabViewController.swift */ = {isa = PBXFileReference; lastKnownFileType = sourcecode.swift; path = TabViewController.swift; sourceTree = "<group>"; };
		8445C4D923A7F23800CD6EF9 /* ShowHeadLineViewController.swift */ = {isa = PBXFileReference; lastKnownFileType = sourcecode.swift; path = ShowHeadLineViewController.swift; sourceTree = "<group>"; };
		8445C4DB23A7F50B00CD6EF9 /* HeadLineListTableViewCell.swift */ = {isa = PBXFileReference; lastKnownFileType = sourcecode.swift; path = HeadLineListTableViewCell.swift; sourceTree = "<group>"; };
		8445C4DD23A7FC9D00CD6EF9 /* CustomeHeadLineViewController.swift */ = {isa = PBXFileReference; lastKnownFileType = sourcecode.swift; path = CustomeHeadLineViewController.swift; sourceTree = "<group>"; };
		8445C4DF23A7FF5700CD6EF9 /* DateUtil.swift */ = {isa = PBXFileReference; lastKnownFileType = sourcecode.swift; path = DateUtil.swift; sourceTree = "<group>"; };
		8445C4E123A8004500CD6EF9 /* NewsManager.swift */ = {isa = PBXFileReference; lastKnownFileType = sourcecode.swift; path = NewsManager.swift; sourceTree = "<group>"; };
		8445C4E423A80DA200CD6EF9 /* UserDAO.swift */ = {isa = PBXFileReference; lastKnownFileType = sourcecode.swift; path = UserDAO.swift; sourceTree = "<group>"; };
		8445C4E623A80EF300CD6EF9 /* ProfileViewController.swift */ = {isa = PBXFileReference; lastKnownFileType = sourcecode.swift; path = ProfileViewController.swift; sourceTree = "<group>"; };
		8445C4E823A8123300CD6EF9 /* WelcomeViewController.swift */ = {isa = PBXFileReference; lastKnownFileType = sourcecode.swift; path = WelcomeViewController.swift; sourceTree = "<group>"; };
		847D1B9C23B4E560004F297F /* NewsListViewModel.swift */ = {isa = PBXFileReference; lastKnownFileType = sourcecode.swift; path = NewsListViewModel.swift; sourceTree = "<group>"; };
		847D1B9E23B5D75D004F297F /* NewsHeadLinesListViewModel.swift */ = {isa = PBXFileReference; lastKnownFileType = sourcecode.swift; path = NewsHeadLinesListViewModel.swift; sourceTree = "<group>"; };
		847D1BA023B5DE15004F297F /* CustomeHeaderTableViewCell.swift */ = {isa = PBXFileReference; lastKnownFileType = sourcecode.swift; path = CustomeHeaderTableViewCell.swift; sourceTree = "<group>"; };
		847D1BA223B5DF09004F297F /* CustomeNewsViewModel.swift */ = {isa = PBXFileReference; lastKnownFileType = sourcecode.swift; path = CustomeNewsViewModel.swift; sourceTree = "<group>"; };
		8495954223A96DD2006B6BCC /* ViewControllerExtention.swift */ = {isa = PBXFileReference; lastKnownFileType = sourcecode.swift; path = ViewControllerExtention.swift; sourceTree = "<group>"; };
		89D56F36DE0EE669C30667A0 /* Pods-SwivelGroupTestProject.release.xcconfig */ = {isa = PBXFileReference; includeInIndex = 1; lastKnownFileType = text.xcconfig; name = "Pods-SwivelGroupTestProject.release.xcconfig"; path = "Target Support Files/Pods-SwivelGroupTestProject/Pods-SwivelGroupTestProject.release.xcconfig"; sourceTree = "<group>"; };
		D30A37656B3F39EAB8B3CECF /* Pods_SwivelGroupTestProjectTests.framework */ = {isa = PBXFileReference; explicitFileType = wrapper.framework; includeInIndex = 0; path = Pods_SwivelGroupTestProjectTests.framework; sourceTree = BUILT_PRODUCTS_DIR; };
		DD0F1875CF151B2E774D4517 /* Pods-SwivelGroupTestProject.debug.xcconfig */ = {isa = PBXFileReference; includeInIndex = 1; lastKnownFileType = text.xcconfig; name = "Pods-SwivelGroupTestProject.debug.xcconfig"; path = "Target Support Files/Pods-SwivelGroupTestProject/Pods-SwivelGroupTestProject.debug.xcconfig"; sourceTree = "<group>"; };
		E94DE9EBD01DA0C4B2597102 /* Pods-SwivelGroupTestProjectTests.debug.xcconfig */ = {isa = PBXFileReference; includeInIndex = 1; lastKnownFileType = text.xcconfig; name = "Pods-SwivelGroupTestProjectTests.debug.xcconfig"; path = "Target Support Files/Pods-SwivelGroupTestProjectTests/Pods-SwivelGroupTestProjectTests.debug.xcconfig"; sourceTree = "<group>"; };
/* End PBXFileReference section */

/* Begin PBXFrameworksBuildPhase section */
		840FC5C523A5E2050043784D /* Frameworks */ = {
			isa = PBXFrameworksBuildPhase;
			buildActionMask = 2147483647;
			files = (
				9C8C136422B7D311E31657FB /* Pods_SwivelGroupTestProject.framework in Frameworks */,
			);
			runOnlyForDeploymentPostprocessing = 0;
		};
		840FC5DB23A5E2070043784D /* Frameworks */ = {
			isa = PBXFrameworksBuildPhase;
			buildActionMask = 2147483647;
			files = (
				2AF2C3B7BE93F04C9D2237B2 /* Pods_SwivelGroupTestProjectTests.framework in Frameworks */,
			);
			runOnlyForDeploymentPostprocessing = 0;
		};
/* End PBXFrameworksBuildPhase section */

/* Begin PBXGroup section */
		529A8A15CE632D0E73B48270 /* Pods */ = {
			isa = PBXGroup;
			children = (
				DD0F1875CF151B2E774D4517 /* Pods-SwivelGroupTestProject.debug.xcconfig */,
				89D56F36DE0EE669C30667A0 /* Pods-SwivelGroupTestProject.release.xcconfig */,
				E94DE9EBD01DA0C4B2597102 /* Pods-SwivelGroupTestProjectTests.debug.xcconfig */,
				42C7DFA8EBC777448E89F7DB /* Pods-SwivelGroupTestProjectTests.release.xcconfig */,
			);
			path = Pods;
			sourceTree = "<group>";
		};
		840FC5BF23A5E2050043784D = {
			isa = PBXGroup;
			children = (
				840FC5CA23A5E2050043784D /* SwivelGroupTestProject */,
				840FC5E123A5E2070043784D /* SwivelGroupTestProjectTests */,
				840FC5C923A5E2050043784D /* Products */,
				529A8A15CE632D0E73B48270 /* Pods */,
				C15BEE84D5AFC581D355B651 /* Frameworks */,
			);
			sourceTree = "<group>";
		};
		840FC5C923A5E2050043784D /* Products */ = {
			isa = PBXGroup;
			children = (
				840FC5C823A5E2050043784D /* SwivelGroupTestProject.app */,
				840FC5DE23A5E2070043784D /* SwivelGroupTestProjectTests.xctest */,
			);
			name = Products;
			sourceTree = "<group>";
		};
		840FC5CA23A5E2050043784D /* SwivelGroupTestProject */ = {
			isa = PBXGroup;
			children = (
				847D1BA523B5EB0F004F297F /* AppDelegate */,
				847D1B9B23B4E53A004F297F /* ViewModel */,
				840FC5F423A5FC830043784D /* Environments */,
				840FC5F323A5FBE20043784D /* Extentions */,
				840FC5F223A5FBAC0043784D /* Utils */,
				840FC5F123A5FBA00043784D /* Managers */,
				840FC5F023A5FB990043784D /* Services */,
				840FC5EF23A5FB920043784D /* Controller */,
				840FC5EE23A5FB8C0043784D /* View */,
				840FC5ED23A5FB830043784D /* Model */,
				840FC5CD23A5E2050043784D /* SceneDelegate.swift */,
				840FC5CF23A5E2050043784D /* ViewController.swift */,
				840FC5D423A5E2070043784D /* Assets.xcassets */,
				840FC5D923A5E2070043784D /* Info.plist */,
			);
			path = SwivelGroupTestProject;
			sourceTree = "<group>";
		};
		840FC5E123A5E2070043784D /* SwivelGroupTestProjectTests */ = {
			isa = PBXGroup;
			children = (
				840FC5E223A5E2070043784D /* SwivelGroupTestProjectTests.swift */,
				840FC5E423A5E2070043784D /* Info.plist */,
			);
			path = SwivelGroupTestProjectTests;
			sourceTree = "<group>";
		};
		840FC5ED23A5FB830043784D /* Model */ = {
			isa = PBXGroup;
			children = (
				8445C4E323A80D8800CD6EF9 /* DAO */,
				840FC5FC23A6044F0043784D /* News.swift */,
				840FC60423A65DAC0043784D /* Article.swift */,
			);
			path = Model;
			sourceTree = "<group>";
		};
		840FC5EE23A5FB8C0043784D /* View */ = {
			isa = PBXGroup;
			children = (
				840FC5D623A5E2070043784D /* LaunchScreen.storyboard */,
				840FC5D123A5E2050043784D /* Main.storyboard */,
			);
			path = View;
			sourceTree = "<group>";
		};
		840FC5EF23A5FB920043784D /* Controller */ = {
			isa = PBXGroup;
			children = (
				847D1BA423B5EAF0004F297F /* Cell */,
				840FC60623A66C8D0043784D /* NewsListViewController.swift */,
				8445C4D523A7D90E00CD6EF9 /* NewsDetailViewController.swift */,
				8445C4D723A7F10600CD6EF9 /* TabViewController.swift */,
				8445C4D923A7F23800CD6EF9 /* ShowHeadLineViewController.swift */,
				8445C4DD23A7FC9D00CD6EF9 /* CustomeHeadLineViewController.swift */,
				8445C4E623A80EF300CD6EF9 /* ProfileViewController.swift */,
				8445C4E823A8123300CD6EF9 /* WelcomeViewController.swift */,
			);
			path = Controller;
			sourceTree = "<group>";
		};
		840FC5F023A5FB990043784D /* Services */ = {
			isa = PBXGroup;
			children = (
				840FC60023A60AB60043784D /* APIService.swift */,
				840FC60223A615680043784D /* NewsServiceClient.swift */,
			);
			path = Services;
			sourceTree = "<group>";
		};
		840FC5F123A5FBA00043784D /* Managers */ = {
			isa = PBXGroup;
			children = (
				840FC5F823A5FF1D0043784D /* ConstantManager.swift */,
				840FC5FE23A60A890043784D /* APIConfigurationManager.swift */,
				8445C4E123A8004500CD6EF9 /* NewsManager.swift */,
			);
			path = Managers;
			sourceTree = "<group>";
		};
		840FC5F223A5FBAC0043784D /* Utils */ = {
			isa = PBXGroup;
			children = (
				8445C4DF23A7FF5700CD6EF9 /* DateUtil.swift */,
			);
			path = Utils;
			sourceTree = "<group>";
		};
		840FC5F323A5FBE20043784D /* Extentions */ = {
			isa = PBXGroup;
			children = (
				8445C4D323A7D7D500CD6EF9 /* UIImageExtention.swift */,
				8495954223A96DD2006B6BCC /* ViewControllerExtention.swift */,
			);
			path = Extentions;
			sourceTree = "<group>";
		};
		840FC5F423A5FC830043784D /* Environments */ = {
			isa = PBXGroup;
			children = (
				840FC5F523A5FE070043784D /* Development.xcconfig */,
				840FC5F623A5FE160043784D /* Release.xcconfig */,
				840FC5F723A5FE230043784D /* Debug.xcconfig */,
			);
			path = Environments;
			sourceTree = "<group>";
		};
		8445C4E323A80D8800CD6EF9 /* DAO */ = {
			isa = PBXGroup;
			children = (
				8445C4E423A80DA200CD6EF9 /* UserDAO.swift */,
			);
			path = DAO;
			sourceTree = "<group>";
		};
		847D1B9B23B4E53A004F297F /* ViewModel */ = {
			isa = PBXGroup;
			children = (
				847D1B9C23B4E560004F297F /* NewsListViewModel.swift */,
				847D1B9E23B5D75D004F297F /* NewsHeadLinesListViewModel.swift */,
				847D1BA223B5DF09004F297F /* CustomeNewsViewModel.swift */,
			);
			path = ViewModel;
			sourceTree = "<group>";
		};
		847D1BA423B5EAF0004F297F /* Cell */ = {
			isa = PBXGroup;
			children = (
				840FC60823A6710E0043784D /* NewsListTableViewCell.swift */,
				8445C4DB23A7F50B00CD6EF9 /* HeadLineListTableViewCell.swift */,
				847D1BA023B5DE15004F297F /* CustomeHeaderTableViewCell.swift */,
			);
			path = Cell;
			sourceTree = "<group>";
		};
		847D1BA523B5EB0F004F297F /* AppDelegate */ = {
			isa = PBXGroup;
			children = (
				840FC5CB23A5E2050043784D /* AppDelegate.swift */,
			);
			path = AppDelegate;
			sourceTree = "<group>";
		};
		C15BEE84D5AFC581D355B651 /* Frameworks */ = {
			isa = PBXGroup;
			children = (
				2E5626CFE81A3BB03F6D99F1 /* Pods_SwivelGroupTestProject.framework */,
				D30A37656B3F39EAB8B3CECF /* Pods_SwivelGroupTestProjectTests.framework */,
			);
			name = Frameworks;
			sourceTree = "<group>";
		};
/* End PBXGroup section */

/* Begin PBXNativeTarget section */
		840FC5C723A5E2050043784D /* SwivelGroupTestProject */ = {
			isa = PBXNativeTarget;
			buildConfigurationList = 840FC5E723A5E2070043784D /* Build configuration list for PBXNativeTarget "SwivelGroupTestProject" */;
			buildPhases = (
				C87FB67A9F268CB54C34B80D /* [CP] Check Pods Manifest.lock */,
				840FC5C423A5E2050043784D /* Sources */,
				840FC5C523A5E2050043784D /* Frameworks */,
				840FC5C623A5E2050043784D /* Resources */,
				FCB8E8705D0F7E9B11FED01D /* [CP] Embed Pods Frameworks */,
			);
			buildRules = (
			);
			dependencies = (
			);
			name = SwivelGroupTestProject;
			productName = SwivelGroupTestProject;
			productReference = 840FC5C823A5E2050043784D /* SwivelGroupTestProject.app */;
			productType = "com.apple.product-type.application";
		};
		840FC5DD23A5E2070043784D /* SwivelGroupTestProjectTests */ = {
			isa = PBXNativeTarget;
			buildConfigurationList = 840FC5EA23A5E2070043784D /* Build configuration list for PBXNativeTarget "SwivelGroupTestProjectTests" */;
			buildPhases = (
				0EC717C1958B8AAD7CE730D1 /* [CP] Check Pods Manifest.lock */,
				840FC5DA23A5E2070043784D /* Sources */,
				840FC5DB23A5E2070043784D /* Frameworks */,
				840FC5DC23A5E2070043784D /* Resources */,
			);
			buildRules = (
			);
			dependencies = (
				840FC5E023A5E2070043784D /* PBXTargetDependency */,
			);
			name = SwivelGroupTestProjectTests;
			productName = SwivelGroupTestProjectTests;
			productReference = 840FC5DE23A5E2070043784D /* SwivelGroupTestProjectTests.xctest */;
			productType = "com.apple.product-type.bundle.unit-test";
		};
/* End PBXNativeTarget section */

/* Begin PBXProject section */
		840FC5C023A5E2050043784D /* Project object */ = {
			isa = PBXProject;
			attributes = {
				LastSwiftUpdateCheck = 1120;
				LastUpgradeCheck = 1120;
				ORGANIZATIONNAME = Gihan;
				TargetAttributes = {
					840FC5C723A5E2050043784D = {
						CreatedOnToolsVersion = 11.2.1;
					};
					840FC5DD23A5E2070043784D = {
						CreatedOnToolsVersion = 11.2.1;
						TestTargetID = 840FC5C723A5E2050043784D;
					};
				};
			};
			buildConfigurationList = 840FC5C323A5E2050043784D /* Build configuration list for PBXProject "SwivelGroupTestProject" */;
			compatibilityVersion = "Xcode 9.3";
			developmentRegion = en;
			hasScannedForEncodings = 0;
			knownRegions = (
				en,
				Base,
			);
			mainGroup = 840FC5BF23A5E2050043784D;
			productRefGroup = 840FC5C923A5E2050043784D /* Products */;
			projectDirPath = "";
			projectRoot = "";
			targets = (
				840FC5C723A5E2050043784D /* SwivelGroupTestProject */,
				840FC5DD23A5E2070043784D /* SwivelGroupTestProjectTests */,
			);
		};
/* End PBXProject section */

/* Begin PBXResourcesBuildPhase section */
		840FC5C623A5E2050043784D /* Resources */ = {
			isa = PBXResourcesBuildPhase;
			buildActionMask = 2147483647;
			files = (
				840FC5D823A5E2070043784D /* LaunchScreen.storyboard in Resources */,
				840FC5D523A5E2070043784D /* Assets.xcassets in Resources */,
				840FC5D323A5E2050043784D /* Main.storyboard in Resources */,
			);
			runOnlyForDeploymentPostprocessing = 0;
		};
		840FC5DC23A5E2070043784D /* Resources */ = {
			isa = PBXResourcesBuildPhase;
			buildActionMask = 2147483647;
			files = (
			);
			runOnlyForDeploymentPostprocessing = 0;
		};
/* End PBXResourcesBuildPhase section */

/* Begin PBXShellScriptBuildPhase section */
		0EC717C1958B8AAD7CE730D1 /* [CP] Check Pods Manifest.lock */ = {
			isa = PBXShellScriptBuildPhase;
			buildActionMask = 2147483647;
			files = (
			);
			inputFileListPaths = (
			);
			inputPaths = (
				"${PODS_PODFILE_DIR_PATH}/Podfile.lock",
				"${PODS_ROOT}/Manifest.lock",
			);
			name = "[CP] Check Pods Manifest.lock";
			outputFileListPaths = (
			);
			outputPaths = (
				"$(DERIVED_FILE_DIR)/Pods-SwivelGroupTestProjectTests-checkManifestLockResult.txt",
			);
			runOnlyForDeploymentPostprocessing = 0;
			shellPath = /bin/sh;
			shellScript = "diff \"${PODS_PODFILE_DIR_PATH}/Podfile.lock\" \"${PODS_ROOT}/Manifest.lock\" > /dev/null\nif [ $? != 0 ] ; then\n    # print error to STDERR\n    echo \"error: The sandbox is not in sync with the Podfile.lock. Run 'pod install' or update your CocoaPods installation.\" >&2\n    exit 1\nfi\n# This output is used by Xcode 'outputs' to avoid re-running this script phase.\necho \"SUCCESS\" > \"${SCRIPT_OUTPUT_FILE_0}\"\n";
			showEnvVarsInLog = 0;
		};
		C87FB67A9F268CB54C34B80D /* [CP] Check Pods Manifest.lock */ = {
			isa = PBXShellScriptBuildPhase;
			buildActionMask = 2147483647;
			files = (
			);
			inputFileListPaths = (
			);
			inputPaths = (
				"${PODS_PODFILE_DIR_PATH}/Podfile.lock",
				"${PODS_ROOT}/Manifest.lock",
			);
			name = "[CP] Check Pods Manifest.lock";
			outputFileListPaths = (
			);
			outputPaths = (
				"$(DERIVED_FILE_DIR)/Pods-SwivelGroupTestProject-checkManifestLockResult.txt",
			);
			runOnlyForDeploymentPostprocessing = 0;
			shellPath = /bin/sh;
			shellScript = "diff \"${PODS_PODFILE_DIR_PATH}/Podfile.lock\" \"${PODS_ROOT}/Manifest.lock\" > /dev/null\nif [ $? != 0 ] ; then\n    # print error to STDERR\n    echo \"error: The sandbox is not in sync with the Podfile.lock. Run 'pod install' or update your CocoaPods installation.\" >&2\n    exit 1\nfi\n# This output is used by Xcode 'outputs' to avoid re-running this script phase.\necho \"SUCCESS\" > \"${SCRIPT_OUTPUT_FILE_0}\"\n";
			showEnvVarsInLog = 0;
		};
		FCB8E8705D0F7E9B11FED01D /* [CP] Embed Pods Frameworks */ = {
			isa = PBXShellScriptBuildPhase;
			buildActionMask = 2147483647;
			files = (
			);
			inputFileListPaths = (
				"${PODS_ROOT}/Target Support Files/Pods-SwivelGroupTestProject/Pods-SwivelGroupTestProject-frameworks-${CONFIGURATION}-input-files.xcfilelist",
			);
			name = "[CP] Embed Pods Frameworks";
			outputFileListPaths = (
				"${PODS_ROOT}/Target Support Files/Pods-SwivelGroupTestProject/Pods-SwivelGroupTestProject-frameworks-${CONFIGURATION}-output-files.xcfilelist",
			);
			runOnlyForDeploymentPostprocessing = 0;
			shellPath = /bin/sh;
			shellScript = "\"${PODS_ROOT}/Target Support Files/Pods-SwivelGroupTestProject/Pods-SwivelGroupTestProject-frameworks.sh\"\n";
			showEnvVarsInLog = 0;
		};
/* End PBXShellScriptBuildPhase section */

/* Begin PBXSourcesBuildPhase section */
		840FC5C423A5E2050043784D /* Sources */ = {
			isa = PBXSourcesBuildPhase;
			buildActionMask = 2147483647;
			files = (
				840FC5D023A5E2050043784D /* ViewController.swift in Sources */,
				840FC60123A60AB60043784D /* APIService.swift in Sources */,
				840FC60523A65DAC0043784D /* Article.swift in Sources */,
				8445C4E523A80DA200CD6EF9 /* UserDAO.swift in Sources */,
				8445C4DC23A7F50B00CD6EF9 /* HeadLineListTableViewCell.swift in Sources */,
				840FC5F923A5FF1D0043784D /* ConstantManager.swift in Sources */,
				840FC5CC23A5E2050043784D /* AppDelegate.swift in Sources */,
				840FC60723A66C8D0043784D /* NewsListViewController.swift in Sources */,
				8445C4D623A7D90E00CD6EF9 /* NewsDetailViewController.swift in Sources */,
				847D1B9F23B5D75D004F297F /* NewsHeadLinesListViewModel.swift in Sources */,
				840FC5FD23A6044F0043784D /* News.swift in Sources */,
				840FC5CE23A5E2050043784D /* SceneDelegate.swift in Sources */,
				8445C4D423A7D7D500CD6EF9 /* UIImageExtention.swift in Sources */,
				840FC60923A6710E0043784D /* NewsListTableViewCell.swift in Sources */,
				8445C4E923A8123300CD6EF9 /* WelcomeViewController.swift in Sources */,
				8445C4DE23A7FC9D00CD6EF9 /* CustomeHeadLineViewController.swift in Sources */,
				8445C4E223A8004500CD6EF9 /* NewsManager.swift in Sources */,
				840FC5FF23A60A890043784D /* APIConfigurationManager.swift in Sources */,
				8445C4D823A7F10600CD6EF9 /* TabViewController.swift in Sources */,
				8445C4E023A7FF5700CD6EF9 /* DateUtil.swift in Sources */,
				847D1BA323B5DF09004F297F /* CustomeNewsViewModel.swift in Sources */,
				847D1BA123B5DE15004F297F /* CustomeHeaderTableViewCell.swift in Sources */,
				8445C4E723A80EF300CD6EF9 /* ProfileViewController.swift in Sources */,
				840FC60323A615680043784D /* NewsServiceClient.swift in Sources */,
				8445C4DA23A7F23800CD6EF9 /* ShowHeadLineViewController.swift in Sources */,
				8495954323A96DD3006B6BCC /* ViewControllerExtention.swift in Sources */,
				847D1B9D23B4E560004F297F /* NewsListViewModel.swift in Sources */,
			);
			runOnlyForDeploymentPostprocessing = 0;
		};
		840FC5DA23A5E2070043784D /* Sources */ = {
			isa = PBXSourcesBuildPhase;
			buildActionMask = 2147483647;
			files = (
				840FC5E323A5E2070043784D /* SwivelGroupTestProjectTests.swift in Sources */,
			);
			runOnlyForDeploymentPostprocessing = 0;
		};
/* End PBXSourcesBuildPhase section */

/* Begin PBXTargetDependency section */
		840FC5E023A5E2070043784D /* PBXTargetDependency */ = {
			isa = PBXTargetDependency;
			target = 840FC5C723A5E2050043784D /* SwivelGroupTestProject */;
			targetProxy = 840FC5DF23A5E2070043784D /* PBXContainerItemProxy */;
		};
/* End PBXTargetDependency section */

/* Begin PBXVariantGroup section */
		840FC5D123A5E2050043784D /* Main.storyboard */ = {
			isa = PBXVariantGroup;
			children = (
				840FC5D223A5E2050043784D /* Base */,
			);
			name = Main.storyboard;
			sourceTree = "<group>";
		};
		840FC5D623A5E2070043784D /* LaunchScreen.storyboard */ = {
			isa = PBXVariantGroup;
			children = (
				840FC5D723A5E2070043784D /* Base */,
			);
			name = LaunchScreen.storyboard;
			sourceTree = "<group>";
		};
/* End PBXVariantGroup section */

/* Begin XCBuildConfiguration section */
		840FC5E523A5E2070043784D /* Debug */ = {
			isa = XCBuildConfiguration;
			buildSettings = {
				ALWAYS_SEARCH_USER_PATHS = NO;
				CLANG_ANALYZER_NONNULL = YES;
				CLANG_ANALYZER_NUMBER_OBJECT_CONVERSION = YES_AGGRESSIVE;
				CLANG_CXX_LANGUAGE_STANDARD = "gnu++14";
				CLANG_CXX_LIBRARY = "libc++";
				CLANG_ENABLE_MODULES = YES;
				CLANG_ENABLE_OBJC_ARC = YES;
				CLANG_ENABLE_OBJC_WEAK = YES;
				CLANG_WARN_BLOCK_CAPTURE_AUTORELEASING = YES;
				CLANG_WARN_BOOL_CONVERSION = YES;
				CLANG_WARN_COMMA = YES;
				CLANG_WARN_CONSTANT_CONVERSION = YES;
				CLANG_WARN_DEPRECATED_OBJC_IMPLEMENTATIONS = YES;
				CLANG_WARN_DIRECT_OBJC_ISA_USAGE = YES_ERROR;
				CLANG_WARN_DOCUMENTATION_COMMENTS = YES;
				CLANG_WARN_EMPTY_BODY = YES;
				CLANG_WARN_ENUM_CONVERSION = YES;
				CLANG_WARN_INFINITE_RECURSION = YES;
				CLANG_WARN_INT_CONVERSION = YES;
				CLANG_WARN_NON_LITERAL_NULL_CONVERSION = YES;
				CLANG_WARN_OBJC_IMPLICIT_RETAIN_SELF = YES;
				CLANG_WARN_OBJC_LITERAL_CONVERSION = YES;
				CLANG_WARN_OBJC_ROOT_CLASS = YES_ERROR;
				CLANG_WARN_RANGE_LOOP_ANALYSIS = YES;
				CLANG_WARN_STRICT_PROTOTYPES = YES;
				CLANG_WARN_SUSPICIOUS_MOVE = YES;
				CLANG_WARN_UNGUARDED_AVAILABILITY = YES_AGGRESSIVE;
				CLANG_WARN_UNREACHABLE_CODE = YES;
				CLANG_WARN__DUPLICATE_METHOD_MATCH = YES;
				COPY_PHASE_STRIP = NO;
				DEBUG_INFORMATION_FORMAT = dwarf;
				ENABLE_STRICT_OBJC_MSGSEND = YES;
				ENABLE_TESTABILITY = YES;
				GCC_C_LANGUAGE_STANDARD = gnu11;
				GCC_DYNAMIC_NO_PIC = NO;
				GCC_NO_COMMON_BLOCKS = YES;
				GCC_OPTIMIZATION_LEVEL = 0;
				GCC_PREPROCESSOR_DEFINITIONS = (
					"DEBUG=1",
					"$(inherited)",
				);
				GCC_WARN_64_TO_32_BIT_CONVERSION = YES;
				GCC_WARN_ABOUT_RETURN_TYPE = YES_ERROR;
				GCC_WARN_UNDECLARED_SELECTOR = YES;
				GCC_WARN_UNINITIALIZED_AUTOS = YES_AGGRESSIVE;
				GCC_WARN_UNUSED_FUNCTION = YES;
				GCC_WARN_UNUSED_VARIABLE = YES;
				IPHONEOS_DEPLOYMENT_TARGET = 13.2;
				MTL_ENABLE_DEBUG_INFO = INCLUDE_SOURCE;
				MTL_FAST_MATH = YES;
				ONLY_ACTIVE_ARCH = YES;
				SDKROOT = iphoneos;
				SWIFT_ACTIVE_COMPILATION_CONDITIONS = DEBUG;
				SWIFT_OPTIMIZATION_LEVEL = "-Onone";
			};
			name = Debug;
		};
		840FC5E623A5E2070043784D /* Release */ = {
			isa = XCBuildConfiguration;
			buildSettings = {
				ALWAYS_SEARCH_USER_PATHS = NO;
				CLANG_ANALYZER_NONNULL = YES;
				CLANG_ANALYZER_NUMBER_OBJECT_CONVERSION = YES_AGGRESSIVE;
				CLANG_CXX_LANGUAGE_STANDARD = "gnu++14";
				CLANG_CXX_LIBRARY = "libc++";
				CLANG_ENABLE_MODULES = YES;
				CLANG_ENABLE_OBJC_ARC = YES;
				CLANG_ENABLE_OBJC_WEAK = YES;
				CLANG_WARN_BLOCK_CAPTURE_AUTORELEASING = YES;
				CLANG_WARN_BOOL_CONVERSION = YES;
				CLANG_WARN_COMMA = YES;
				CLANG_WARN_CONSTANT_CONVERSION = YES;
				CLANG_WARN_DEPRECATED_OBJC_IMPLEMENTATIONS = YES;
				CLANG_WARN_DIRECT_OBJC_ISA_USAGE = YES_ERROR;
				CLANG_WARN_DOCUMENTATION_COMMENTS = YES;
				CLANG_WARN_EMPTY_BODY = YES;
				CLANG_WARN_ENUM_CONVERSION = YES;
				CLANG_WARN_INFINITE_RECURSION = YES;
				CLANG_WARN_INT_CONVERSION = YES;
				CLANG_WARN_NON_LITERAL_NULL_CONVERSION = YES;
				CLANG_WARN_OBJC_IMPLICIT_RETAIN_SELF = YES;
				CLANG_WARN_OBJC_LITERAL_CONVERSION = YES;
				CLANG_WARN_OBJC_ROOT_CLASS = YES_ERROR;
				CLANG_WARN_RANGE_LOOP_ANALYSIS = YES;
				CLANG_WARN_STRICT_PROTOTYPES = YES;
				CLANG_WARN_SUSPICIOUS_MOVE = YES;
				CLANG_WARN_UNGUARDED_AVAILABILITY = YES_AGGRESSIVE;
				CLANG_WARN_UNREACHABLE_CODE = YES;
				CLANG_WARN__DUPLICATE_METHOD_MATCH = YES;
				COPY_PHASE_STRIP = NO;
				DEBUG_INFORMATION_FORMAT = "dwarf-with-dsym";
				ENABLE_NS_ASSERTIONS = NO;
				ENABLE_STRICT_OBJC_MSGSEND = YES;
				GCC_C_LANGUAGE_STANDARD = gnu11;
				GCC_NO_COMMON_BLOCKS = YES;
				GCC_WARN_64_TO_32_BIT_CONVERSION = YES;
				GCC_WARN_ABOUT_RETURN_TYPE = YES_ERROR;
				GCC_WARN_UNDECLARED_SELECTOR = YES;
				GCC_WARN_UNINITIALIZED_AUTOS = YES_AGGRESSIVE;
				GCC_WARN_UNUSED_FUNCTION = YES;
				GCC_WARN_UNUSED_VARIABLE = YES;
				IPHONEOS_DEPLOYMENT_TARGET = 13.2;
				MTL_ENABLE_DEBUG_INFO = NO;
				MTL_FAST_MATH = YES;
				SDKROOT = iphoneos;
				SWIFT_COMPILATION_MODE = wholemodule;
				SWIFT_OPTIMIZATION_LEVEL = "-O";
				VALIDATE_PRODUCT = YES;
			};
			name = Release;
		};
		840FC5E823A5E2070043784D /* Debug */ = {
			isa = XCBuildConfiguration;
			baseConfigurationReference = DD0F1875CF151B2E774D4517 /* Pods-SwivelGroupTestProject.debug.xcconfig */;
			buildSettings = {
				ASSETCATALOG_COMPILER_APPICON_NAME = AppIcon;
				CODE_SIGN_STYLE = Automatic;
				DEVELOPMENT_TEAM = XCPM2R6PDV;
				INFOPLIST_FILE = SwivelGroupTestProject/Info.plist;
				LD_RUNPATH_SEARCH_PATHS = (
					"$(inherited)",
					"@executable_path/Frameworks",
				);
				PRODUCT_BUNDLE_IDENTIFIER = com.SwivelGroup.SwivelGroupTestProject;
				PRODUCT_NAME = "$(TARGET_NAME)";
				SWIFT_VERSION = 5.0;
				TARGETED_DEVICE_FAMILY = "1,2";
			};
			name = Debug;
		};
		840FC5E923A5E2070043784D /* Release */ = {
			isa = XCBuildConfiguration;
			baseConfigurationReference = 89D56F36DE0EE669C30667A0 /* Pods-SwivelGroupTestProject.release.xcconfig */;
			buildSettings = {
				ASSETCATALOG_COMPILER_APPICON_NAME = AppIcon;
				CODE_SIGN_STYLE = Automatic;
				DEVELOPMENT_TEAM = XCPM2R6PDV;
				INFOPLIST_FILE = SwivelGroupTestProject/Info.plist;
				LD_RUNPATH_SEARCH_PATHS = (
					"$(inherited)",
					"@executable_path/Frameworks",
				);
				PRODUCT_BUNDLE_IDENTIFIER = com.SwivelGroup.SwivelGroupTestProject;
				PRODUCT_NAME = "$(TARGET_NAME)";
				SWIFT_VERSION = 5.0;
				TARGETED_DEVICE_FAMILY = "1,2";
			};
			name = Release;
		};
		840FC5EB23A5E2070043784D /* Debug */ = {
			isa = XCBuildConfiguration;
			baseConfigurationReference = E94DE9EBD01DA0C4B2597102 /* Pods-SwivelGroupTestProjectTests.debug.xcconfig */;
			buildSettings = {
				ALWAYS_EMBED_SWIFT_STANDARD_LIBRARIES = YES;
				BUNDLE_LOADER = "$(TEST_HOST)";
				CODE_SIGN_STYLE = Automatic;
				DEVELOPMENT_TEAM = CF4Q2LXK5N;
				INFOPLIST_FILE = SwivelGroupTestProjectTests/Info.plist;
				IPHONEOS_DEPLOYMENT_TARGET = 13.2;
				LD_RUNPATH_SEARCH_PATHS = (
					"$(inherited)",
					"@executable_path/Frameworks",
					"@loader_path/Frameworks",
				);
				PRODUCT_BUNDLE_IDENTIFIER = com.SwivelGroup.SwivelGroupTestProjectTests;
				PRODUCT_NAME = "$(TARGET_NAME)";
				SWIFT_VERSION = 5.0;
				TARGETED_DEVICE_FAMILY = "1,2";
				TEST_HOST = "$(BUILT_PRODUCTS_DIR)/SwivelGroupTestProject.app/SwivelGroupTestProject";
			};
			name = Debug;
		};
		840FC5EC23A5E2070043784D /* Release */ = {
			isa = XCBuildConfiguration;
			baseConfigurationReference = 42C7DFA8EBC777448E89F7DB /* Pods-SwivelGroupTestProjectTests.release.xcconfig */;
			buildSettings = {
				ALWAYS_EMBED_SWIFT_STANDARD_LIBRARIES = YES;
				BUNDLE_LOADER = "$(TEST_HOST)";
				CODE_SIGN_STYLE = Automatic;
				DEVELOPMENT_TEAM = CF4Q2LXK5N;
				INFOPLIST_FILE = SwivelGroupTestProjectTests/Info.plist;
				IPHONEOS_DEPLOYMENT_TARGET = 13.2;
				LD_RUNPATH_SEARCH_PATHS = (
					"$(inherited)",
					"@executable_path/Frameworks",
					"@loader_path/Frameworks",
				);
				PRODUCT_BUNDLE_IDENTIFIER = com.SwivelGroup.SwivelGroupTestProjectTests;
				PRODUCT_NAME = "$(TARGET_NAME)";
				SWIFT_VERSION = 5.0;
				TARGETED_DEVICE_FAMILY = "1,2";
				TEST_HOST = "$(BUILT_PRODUCTS_DIR)/SwivelGroupTestProject.app/SwivelGroupTestProject";
			};
			name = Release;
		};
/* End XCBuildConfiguration section */

/* Begin XCConfigurationList section */
		840FC5C323A5E2050043784D /* Build configuration list for PBXProject "SwivelGroupTestProject" */ = {
			isa = XCConfigurationList;
			buildConfigurations = (
				840FC5E523A5E2070043784D /* Debug */,
				840FC5E623A5E2070043784D /* Release */,
			);
			defaultConfigurationIsVisible = 0;
			defaultConfigurationName = Release;
		};
		840FC5E723A5E2070043784D /* Build configuration list for PBXNativeTarget "SwivelGroupTestProject" */ = {
			isa = XCConfigurationList;
			buildConfigurations = (
				840FC5E823A5E2070043784D /* Debug */,
				840FC5E923A5E2070043784D /* Release */,
			);
			defaultConfigurationIsVisible = 0;
			defaultConfigurationName = Release;
		};
		840FC5EA23A5E2070043784D /* Build configuration list for PBXNativeTarget "SwivelGroupTestProjectTests" */ = {
			isa = XCConfigurationList;
			buildConfigurations = (
				840FC5EB23A5E2070043784D /* Debug */,
				840FC5EC23A5E2070043784D /* Release */,
			);
			defaultConfigurationIsVisible = 0;
			defaultConfigurationName = Release;
		};
/* End XCConfigurationList section */
	};
	rootObject = 840FC5C023A5E2050043784D /* Project object */;
}
